
Microsoft Visual Studio Solution File, Format Version 12.00
# Visual Studio Version 17
VisualStudioVersion = 17.3.32901.215
MinimumVisualStudioVersion = 10.0.40219.1
Project("{9A19103F-16F7-4668-BE54-9A1E7A4F7556}") = "MsCatalog", "MsCatalog\MsCatalog.csproj", "{8AA5563E-954A-4E32-906D-925A318DC03A}"
EndProject
Project("{E53339B2-1760-4266-BCC7-CA923CBCF16C}") = "docker-compose", "docker-compose.dcproj", "{4688ECBD-658F-4904-A334-B7F11197503C}"
EndProject
Project("{9A19103F-16F7-4668-BE54-9A1E7A4F7556}") = "MsBasket", "MsBasket\MsBasket.csproj", "{BBCD96E6-E908-460E-B657-12C659B9743C}"
EndProject
Project("{FAE04EC0-301F-11D3-BF4B-00C04F79EFBC}") = "MsDiscount", "MsDiscount\MsDiscount.csproj", "{16FDA815-8633-4C84-BD1B-044EC2151DAE}"
EndProject
Project("{FAE04EC0-301F-11D3-BF4B-00C04F79EFBC}") = "MsDiscountGrpc", "MsDiscountGrpc\MsDiscountGrpc.csproj", "{8F1BAED3-D760-4DA2-B5E8-3014F71613F2}"
EndProject
Global
	GlobalSection(SolutionConfigurationPlatforms) = preSolution
		Debug|Any CPU = Debug|Any CPU
		Release|Any CPU = Release|Any CPU
	EndGlobalSection
	GlobalSection(ProjectConfigurationPlatforms) = postSolution
		{8AA5563E-954A-4E32-906D-925A318DC03A}.Debug|Any CPU.ActiveCfg = Debug|Any CPU
		{8AA5563E-954A-4E32-906D-925A318DC03A}.Debug|Any CPU.Build.0 = Debug|Any CPU
		{8AA5563E-954A-4E32-906D-925A318DC03A}.Release|Any CPU.ActiveCfg = Release|Any CPU
		{8AA5563E-954A-4E32-906D-925A318DC03A}.Release|Any CPU.Build.0 = Release|Any CPU
		{4688ECBD-658F-4904-A334-B7F11197503C}.Debug|Any CPU.ActiveCfg = Debug|Any CPU
		{4688ECBD-658F-4904-A334-B7F11197503C}.Debug|Any CPU.Build.0 = Debug|Any CPU
		{4688ECBD-658F-4904-A334-B7F11197503C}.Release|Any CPU.ActiveCfg = Release|Any CPU
		{4688ECBD-658F-4904-A334-B7F11197503C}.Release|Any CPU.Build.0 = Release|Any CPU
		{BBCD96E6-E908-460E-B657-12C659B9743C}.Debug|Any CPU.ActiveCfg = Debug|Any CPU
		{BBCD96E6-E908-460E-B657-12C659B9743C}.Debug|Any CPU.Build.0 = Debug|Any CPU
		{BBCD96E6-E908-460E-B657-12C659B9743C}.Release|Any CPU.ActiveCfg = Release|Any CPU
		{BBCD96E6-E908-460E-B657-12C659B9743C}.Release|Any CPU.Build.0 = Release|Any CPU
		{16FDA815-8633-4C84-BD1B-044EC2151DAE}.Debug|Any CPU.ActiveCfg = Debug|Any CPU
		{16FDA815-8633-4C84-BD1B-044EC2151DAE}.Debug|Any CPU.Build.0 = Debug|Any CPU
		{16FDA815-8633-4C84-BD1B-044EC2151DAE}.Release|Any CPU.ActiveCfg = Release|Any CPU
		{16FDA815-8633-4C84-BD1B-044EC2151DAE}.Release|Any CPU.Build.0 = Release|Any CPU
		{8F1BAED3-D760-4DA2-B5E8-3014F71613F2}.Debug|Any CPU.ActiveCfg = Debug|Any CPU
		{8F1BAED3-D760-4DA2-B5E8-3014F71613F2}.Debug|Any CPU.Build.0 = Debug|Any CPU
		{8F1BAED3-D760-4DA2-B5E8-3014F71613F2}.Release|Any CPU.ActiveCfg = Release|Any CPU
		{8F1BAED3-D760-4DA2-B5E8-3014F71613F2}.Release|Any CPU.Build.0 = Release|Any CPU
	EndGlobalSection
	GlobalSection(SolutionProperties) = preSolution
		HideSolutionNode = FALSE
	EndGlobalSection
	GlobalSection(ExtensibilityGlobals) = postSolution
		SolutionGuid = {17B6E840-418C-4A20-803C-92C98061BFF7}
	EndGlobalSection
EndGlobal
